// !$*UTF8*$!
{
	archiveVersion = 1;
	classes = {
	};
	objectVersion = 77;
	objects = {

/* Begin PBXContainerItemProxy section */
		779AAC213053160B00D39CDB /* PBXContainerItemProxy */ = {
			isa = PBXContainerItemProxy;
			containerPortal = 779AAC0B3053160A00D39CDB /* Project object */;
			proxyType = 1;
			remoteGlobalIDString = 779AAC123053160A00D39CDB;
			remoteInfo = larping;
		};
		779AAC2B3053160B00D39CDB /* PBXContainerItemProxy */ = {
			isa = PBXContainerItemProxy;
			containerPortal = 779AAC0B3053160A00D39CDB /* Project object */;
			proxyType = 1;
			remoteGlobalIDString = 779AAC123053160A00D39CDB;
			remoteInfo = larping;
		};
/* End PBXContainerItemProxy section */

/* Begin PBXFileReference section */
		779AAC133053160A00D39CDB /* larping.app */ = {isa = PBXFileReference; explicitFileType = wrapper.application; includeInIndex = 0; path = larping.app; sourceTree = BUILT_PRODUCTS_DIR; };
		779AAC203053160B00D39CDB /* larpingTests.xctest */ = {isa = PBXFileReference; explicitFileType = wrapper.cfbundle; includeInIndex = 0; path = larpingTests.xctest; sourceTree = BUILT_PRODUCTS_DIR; };
		779AAC2A3053160B00D39CDB /* larpingUITests.xctest */ = {isa = PBXFileReference; explicitFileType = wrapper.cfbundle; includeInIndex = 0; path = larpingUITests.xctest; sourceTree = BUILT_PRODUCTS_DIR; };
/* End PBXFileReference section */

/* Begin PBXFileSystemSynchronizedBuildFileExceptionSet section */
		38B7059EB53A9DF322FE0A49 /* Exceptions for "larping" folder in "larping" target */ = {
			isa = PBXFileSystemSynchronizedBuildFileExceptionSet;
			membershipExceptions = (
				Info.plist,
			);
			target = 779AAC123053160A00D39CDB /* larping */;
		};
/* End PBXFileSystemSynchronizedBuildFileExceptionSet section */

/* Begin PBXFileSystemSynchronizedRootGroup section */
		779AAC153053160A00D39CDB /* larping */ = {
			isa = PBXFileSystemSynchronizedRootGroup;
			exceptions = (
				38B7059EB53A9DF322FE0A49 /* Exceptions for "larping" folder in "larping" target */,
			);
			path = larping;
			sourceTree = "<group>";
		};
		779AAC233053160B00D39CDB /* larpingTests */ = {
			isa = PBXFileSystemSynchronizedRootGroup;
			path = larpingTests;
			sourceTree = "<group>";
		};
		779AAC2D3053160B00D39CDB /* larpingUITests */ = {
			isa = PBXFileSystemSynchronizedRootGroup;
			path = larpingUITests;
			sourceTree = "<group>";
		};
/* End PBXFileSystemSynchronizedRootGroup section */

/* Begin PBXFrameworksBuildPhase section */
		779AAC103053160A00D39CDB /* Frameworks */ = {
			isa = PBXFrameworksBuildPhase;
			buildActionMask = 2147483647;
			files = (
			);
			runOnlyForDeploymentPostprocessing = 0;
		};
		779AAC1D3053160B00D39CDB /* Frameworks */ = {
			isa = PBXFrameworksBuildPhase;
			buildActionMask = 2147483647;
			files = (
			);
			runOnlyForDeploymentPostprocessing = 0;
		};
		779AAC273053160B00D39CDB /* Frameworks */ = {
			isa = PBXFrameworksBuildPhase;
			buildActionMask = 2147483647;
			files = (
			);
			runOnlyForDeploymentPostprocessing = 0;
		};
/* End PBXFrameworksBuildPhase section */

/* Begin PBXGroup section */
		779AAC0A3053160A00D39CDB = {
			isa = PBXGroup;
			children = (
				779AAC153053160A00D39CDB /* larping */,
				779AAC233053160B00D39CDB /* larpingTests */,
				779AAC2D3053160B00D39CDB /* larpingUITests */,
				779AAC143053160A00D39CDB /* Products */,
			);
			sourceTree = "<group>";
		};
		779AAC143053160A00D39CDB /* Products */ = {
			isa = PBXGroup;
			children = (
				779AAC133053160A00D39CDB /* larping.app */,
				779AAC203053160B00D39CDB /* larpingTests.xctest */,
				779AAC2A3053160B00D39CDB /* larpingUITests.xctest */,
			);
			name = Products;
			sourceTree = "<group>";
		};
/* End PBXGroup section */

/* Begin PBXNativeTarget section */
		779AAC123053160A00D39CDB /* larping */ = {
			isa = PBXNativeTarget;
			buildConfigurationList = 779AAC343053160B00D39CDB /* Build configuration list for PBXNativeTarget "larping" */;
			buildPhases = (
				779AAC0F3053160A00D39CDB /* Sources */,
				779AAC103053160A00D39CDB /* Frameworks */,
				779AAC113053160A00D39CDB /* Resources */,
			);
			buildRules = (
			);
			dependencies = (
			);
			fileSystemSynchronizedGroups = (
				779AAC153053160A00D39CDB /* larping */,
			);
			name = larping;
			packageProductDependencies = (
			);
			productName = larping;
			productReference = 779AAC133053160A00D39CDB /* larping.app */;
			productType = "com.apple.product-type.application";
		};
		779AAC1F3053160B00D39CDB /* larpingTests */ = {
			isa = PBXNativeTarget;
			buildConfigurationList = 779AAC373053160B00D39CDB /* Build configuration list for PBXNativeTarget "larpingTests" */;
			buildPhases = (
				779AAC1C3053160B00D39CDB /* Sources */,
				779AAC1D3053160B00D39CDB /* Frameworks */,
				779AAC1E3053160B00D39CDB /* Resources */,
			);
			buildRules = (
			);
			dependencies = (
				779AAC223053160B00D39CDB /* PBXTargetDependency */,
			);
			fileSystemSynchronizedGroups = (
				779AAC233053160B00D39CDB /* larpingTests */,
			);
			name = larpingTests;
			packageProductDependencies = (
			);
			productName = larpingTests;
			productReference = 779AAC203053160B00D39CDB /* larpingTests.xctest */;
			productType = "com.apple.product-type.bundle.unit-test";
		};
		779AAC293053160B00D39CDB /* larpingUITests */ = {
			isa = PBXNativeTarget;
			buildConfigurationList = 779AAC3A3053160B00D39CDB /* Build configuration list for PBXNativeTarget "larpingUITests" */;
			buildPhases = (
				779AAC263053160B00D39CDB /* Sources */,
				779AAC273053160B00D39CDB /* Frameworks */,
				779AAC283053160B00D39CDB /* Resources */,
			);
			buildRules = (
			);
			dependencies = (
				779AAC2C3053160B00D39CDB /* PBXTargetDependency */,
			);
			fileSystemSynchronizedGroups = (
				779AAC2D3053160B00D39CDB /* larpingUITests */,
			);
			name = larpingUITests;
			packageProductDependencies = (
			);
			productName = larpingUITests;
			productReference = 779AAC2A3053160B00D39CDB /* larpingUITests.xctest */;
			productType = "com.apple.product-type.bundle.ui-testing";
		};
/* End PBXNativeTarget section */

/* Begin PBXProject section */
		779AAC0B3053160A00D39CDB /* Project object */ = {
			isa = PBXProject;
			attributes = {
				BuildIndependentTargetsInParallel = 1;
				LastSwiftUpdateCheck = 2660;
				LastUpgradeCheck = 2660;
				TargetAttributes = {
					779AAC123053160A00D39CDB = {
						CreatedOnToolsVersion = 26.6;
					};
					779AAC1F3053160B00D39CDB = {
						CreatedOnToolsVersion = 26.6;
						TestTargetID = 779AAC123053160A00D39CDB;
					};
					779AAC293053160B00D39CDB = {
						CreatedOnToolsVersion = 26.6;
						TestTargetID = 779AAC123053160A00D39CDB;
					};
				};
			};
			buildConfigurationList = 779AAC0E3053160A00D39CDB /* Build configuration list for PBXProject "larping" */;
			developmentRegion = en;
			hasScannedForEncodings = 0;
			knownRegions = (
				en,
				Base,
			);
			mainGroup = 779AAC0A3053160A00D39CDB;
			minimizedProjectReferenceProxies = 1;
			preferredProjectObjectVersion = 77;
			productRefGroup = 779AAC143053160A00D39CDB /* Products */;
			projectDirPath = "";
			projectRoot = "";
			targets = (
				779AAC123053160A00D39CDB /* larping */,
				779AAC1F3053160B00D39CDB /* larpingTests */,
				779AAC293053160B00D39CDB /* larpingUITests */,
			);
		};
/* End PBXProject section */

/* Begin PBXResourcesBuildPhase section */
		779AAC113053160A00D39CDB /* Resources */ = {
			isa = PBXResourcesBuildPhase;
			buildActionMask = 2147483647;
			files = (
			);
			runOnlyForDeploymentPostprocessing = 0;
		};
		779AAC1E3053160B00D39CDB /* Resources */ = {
			isa = PBXResourcesBuildPhase;
			buildActionMask = 2147483647;
			files = (
			);
			runOnlyForDeploymentPostprocessing = 0;
		};
		779AAC283053160B00D39CDB /* Resources */ = {
			isa = PBXResourcesBuildPhase;
			buildActionMask = 2147483647;
			files = (
			);
			runOnlyForDeploymentPostprocessing = 0;
		};
/* End PBXResourcesBuildPhase section */

/* Begin PBXSourcesBuildPhase section */
		779AAC0F3053160A00D39CDB /* Sources */ = {
			isa = PBXSourcesBuildPhase;
			buildActionMask = 2147483647;
			files = (
			);
			runOnlyForDeploymentPostprocessing = 0;
		};
		779AAC1C3053160B00D39CDB /* Sources */ = {
			isa = PBXSourcesBuildPhase;
			buildActionMask = 2147483647;
			files = (
			);
			runOnlyForDeploymentPostprocessing = 0;
		};
		779AAC263053160B00D39CDB /* Sources */ = {
			isa = PBXSourcesBuildPhase;
			buildActionMask = 2147483647;
			files = (
			);
			runOnlyForDeploymentPostprocessing = 0;
		};
/* End PBXSourcesBuildPhase section */

/* Begin PBXTargetDependency section */
		779AAC223053160B00D39CDB /* PBXTargetDependency */ = {
			isa = PBXTargetDependency;
			target = 779AAC123053160A00D39CDB /* larping */;
			targetProxy = 779AAC213053160B00D39CDB /* PBXContainerItemProxy */;
		};
		779AAC2C3053160B00D39CDB /* PBXTargetDependency */ = {
			isa = PBXTargetDependency;
			target = 779AAC123053160A00D39CDB /* larping */;
			targetProxy = 779AAC2B3053160B00D39CDB /* PBXContainerItemProxy */;
		};
/* End PBXTargetDependency section */

/* Begin XCBuildConfiguration section */
		779AAC323053160B00D39CDB /* Debug */ = {
			isa = XCBuildConfiguration;
			buildSettings = {
				ALWAYS_SEARCH_USER_PATHS = NO;
				ASSETCATALOG_COMPILER_GENERATE_SWIFT_ASSET_SYMBOL_EXTENSIONS = YES;
				CLANG_ANALYZER_NONNULL = YES;
				CLANG_ANALYZER_NUMBER_OBJECT_CONVERSION = YES_AGGRESSIVE;
				CLANG_CXX_LANGUAGE_STANDARD = "gnu++20";
				CLANG_ENABLE_MODULES = YES;
				CLANG_ENABLE_OBJC_ARC = YES;
				CLANG_ENABLE_OBJC_WEAK = YES;
				CLANG_WARN_BLOCK_CAPTURE_AUTORELEASING = YES;
				CLANG_WARN_BOOL_CONVERSION = YES;
				CLANG_WARN_COMMA = YES;
				CLANG_WARN_CONSTANT_CONVERSION = YES;
				CLANG_WARN_DEPRECATED_OBJC_IMPLEMENTATIONS = YES;
				CLANG_WARN_DIRECT_OBJC_ISA_USAGE = YES_ERROR;
				CLANG_WARN_DOCUMENTATION_COMMENTS = YES;
				CLANG_WARN_EMPTY_BODY = YES;
				CLANG_WARN_ENUM_CONVERSION = YES;
				CLANG_WARN_INFINITE_RECURSION = YES;
				CLANG_WARN_INT_CONVERSION = YES;
				CLANG_WARN_NON_LITERAL_NULL_CONVERSION = YES;
				CLANG_WARN_OBJC_IMPLICIT_RETAIN_SELF = YES;
				CLANG_WARN_OBJC_LITERAL_CONVERSION = YES;
				CLANG_WARN_OBJC_ROOT_CLASS = YES_ERROR;
				CLANG_WARN_QUOTED_INCLUDE_IN_FRAMEWORK_HEADER = YES;
				CLANG_WARN_RANGE_LOOP_ANALYSIS = YES;
				CLANG_WARN_STRICT_PROTOTYPES = YES;
				CLANG_WARN_SUSPICIOUS_MOVE = YES;
				CLANG_WARN_UNGUARDED_AVAILABILITY = YES_AGGRESSIVE;
				CLANG_WARN_UNREACHABLE_CODE = YES;
				CLANG_WARN__DUPLICATE_METHOD_MATCH = YES;
				COPY_PHASE_STRIP = NO;
				DEBUG_INFORMATION_FORMAT = dwarf;
				DEVELOPMENT_TEAM = TNSWYK8BKZ;
				ENABLE_STRICT_OBJC_MSGSEND = YES;
				ENABLE_TESTABILITY = YES;
				ENABLE_USER_SCRIPT_SANDBOXING = YES;
				GCC_C_LANGUAGE_STANDARD = gnu17;
				GCC_DYNAMIC_NO_PIC = NO;
				GCC_NO_COMMON_BLOCKS = YES;
				GCC_OPTIMIZATION_LEVEL = 0;
				GCC_PREPROCESSOR_DEFINITIONS = (
					"DEBUG=1",
					"$(inherited)",
				);
				GCC_WARN_64_TO_32_BIT_CONVERSION = YES;
				GCC_WARN_ABOUT_RETURN_TYPE = YES_ERROR;
				GCC_WARN_UNDECLARED_SELECTOR = YES;
				GCC_WARN_UNINITIALIZED_AUTOS = YES_AGGRESSIVE;
				GCC_WARN_UNUSED_FUNCTION = YES;
				GCC_WARN_UNUSED_VARIABLE = YES;
				IPHONEOS_DEPLOYMENT_TARGET = 26.5;
				LOCALIZATION_PREFERS_STRING_CATALOGS = YES;
				MTL_ENABLE_DEBUG_INFO = INCLUDE_SOURCE;
				MTL_FAST_MATH = YES;
				ONLY_ACTIVE_ARCH = YES;
				SDKROOT = iphoneos;
				SWIFT_ACTIVE_COMPILATION_CONDITIONS = "DEBUG $(inherited)";
				SWIFT_OPTIMIZATION_LEVEL = "-Onone";
			};
			name = Debug;
		};
		779AAC333053160B00D39CDB /* Release */ = {
			isa = XCBuildConfiguration;
			buildSettings = {
				ALWAYS_SEARCH_USER_PATHS = NO;
				ASSETCATALOG_COMPILER_GENERATE_SWIFT_ASSET_SYMBOL_EXTENSIONS = YES;
				CLANG_ANALYZER_NONNULL = YES;
				CLANG_ANALYZER_NUMBER_OBJECT_CONVERSION = YES_AGGRESSIVE;
				CLANG_CXX_LANGUAGE_STANDARD = "gnu++20";
				CLANG_ENABLE_MODULES = YES;
				CLANG_ENABLE_OBJC_ARC = YES;
				CLANG_ENABLE_OBJC_WEAK = YES;
				CLANG_WARN_BLOCK_CAPTURE_AUTORELEASING = YES;
				CLANG_WARN_BOOL_CONVERSION = YES;
				CLANG_WARN_COMMA = YES;
				CLANG_WARN_CONSTANT_CONVERSION = YES;
				CLANG_WARN_DEPRECATED_OBJC_IMPLEMENTATIONS = YES;
				CLANG_WARN_DIRECT_OBJC_ISA_USAGE = YES_ERROR;
				CLANG_WARN_DOCUMENTATION_COMMENTS = YES;
				CLANG_WARN_EMPTY_BODY = YES;
				CLANG_WARN_ENUM_CONVERSION = YES;
				CLANG_WARN_INFINITE_RECURSION = YES;
				CLANG_WARN_INT_CONVERSION = YES;
				CLANG_WARN_NON_LITERAL_NULL_CONVERSION = YES;
				CLANG_WARN_OBJC_IMPLICIT_RETAIN_SELF = YES;
				CLANG_WARN_OBJC_LITERAL_CONVERSION = YES;
				CLANG_WARN_OBJC_ROOT_CLASS = YES_ERROR;
				CLANG_WARN_QUOTED_INCLUDE_IN_FRAMEWORK_HEADER = YES;
				CLANG_WARN_RANGE_LOOP_ANALYSIS = YES;
				CLANG_WARN_STRICT_PROTOTYPES = YES;
				CLANG_WARN_SUSPICIOUS_MOVE = YES;
				CLANG_WARN_UNGUARDED_AVAILABILITY = YES_AGGRESSIVE;
				CLANG_WARN_UNREACHABLE_CODE = YES;
				CLANG_WARN__DUPLICATE_METHOD_MATCH = YES;
				COPY_PHASE_STRIP = NO;
				DEBUG_INFORMATION_FORMAT = "dwarf-with-dsym";
				DEVELOPMENT_TEAM = TNSWYK8BKZ;
				ENABLE_NS_ASSERTIONS = NO;
				ENABLE_STRICT_OBJC_MSGSEND = YES;
				ENABLE_USER_SCRIPT_SANDBOXING = YES;
				GCC_C_LANGUAGE_STANDARD = gnu17;
				GCC_NO_COMMON_BLOCKS = YES;
				GCC_WARN_64_TO_32_BIT_CONVERSION = YES;
				GCC_WARN_ABOUT_RETURN_TYPE = YES_ERROR;
				GCC_WARN_UNDECLARED_SELECTOR = YES;
				GCC_WARN_UNINITIALIZED_AUTOS = YES_AGGRESSIVE;
				GCC_WARN_UNUSED_FUNCTION = YES;
				GCC_WARN_UNUSED_VARIABLE = YES;
				IPHONEOS_DEPLOYMENT_TARGET = 26.5;
				LOCALIZATION_PREFERS_STRING_CATALOGS = YES;
				MTL_ENABLE_DEBUG_INFO = NO;
				MTL_FAST_MATH = YES;
				SDKROOT = iphoneos;
				SWIFT_COMPILATION_MODE = wholemodule;
				VALIDATE_PRODUCT = YES;
			};
			name = Release;
		};
		779AAC353053160B00D39CDB /* Debug */ = {
			isa = XCBuildConfiguration;
			buildSettings = {
				ASSETCATALOG_COMPILER_APPICON_NAME = AppIcon;
				ASSETCATALOG_COMPILER_GLOBAL_ACCENT_COLOR_NAME = AccentColor;
				CODE_SIGN_STYLE = Automatic;
				CURRENT_PROJECT_VERSION = 1;
				DEVELOPMENT_TEAM = TNSWYK8BKZ;
				ENABLE_PREVIEWS = YES;
				GENERATE_INFOPLIST_FILE = YES;
				INFOPLIST_FILE = larping/Info.plist;
				INFOPLIST_KEY_CFBundleDisplayName = Larping;
				INFOPLIST_KEY_NSCameraUsageDescription = "Larping uses your camera to add a photo to your activity.";
				INFOPLIST_KEY_NSLocationAlwaysAndWhenInUseUsageDescription = "LarpingRun uses your location to keep tracking distance and route if you switch apps mid-recording.";
				INFOPLIST_KEY_NSLocationWhenInUseUsageDescription = "LarpingRun uses your location to track distance, pace, and route during a recording.";
				INFOPLIST_KEY_NSPhotoLibraryAddUsageDescription = "Larping saves your shared activity image to Photos.";
				INFOPLIST_KEY_UIApplicationSceneManifest_Generation = YES;
				INFOPLIST_KEY_UIApplicationSupportsIndirectInputEvents = YES;
				INFOPLIST_KEY_UILaunchScreen_Generation = YES;
				INFOPLIST_KEY_UISupportedInterfaceOrientations_iPad = "UIInterfaceOrientationPortrait UIInterfaceOrientationPortraitUpsideDown UIInterfaceOrientationLandscapeLeft UIInterfaceOrientationLandscapeRight";
				INFOPLIST_KEY_UISupportedInterfaceOrientations_iPhone = "UIInterfaceOrientationPortrait UIInterfaceOrientationLandscapeLeft UIInterfaceOrientationLandscapeRight";
				LD_RUNPATH_SEARCH_PATHS = (
					"$(inherited)",
					"@executable_path/Frameworks",
				);
				MARKETING_VERSION = 1.0;
				PRODUCT_BUNDLE_IDENTIFIER = rdyy.larping;
				PRODUCT_NAME = "$(TARGET_NAME)";
				STRING_CATALOG_GENERATE_SYMBOLS = YES;
				SWIFT_APPROACHABLE_CONCURRENCY = YES;
				SWIFT_DEFAULT_ACTOR_ISOLATION = MainActor;
				SWIFT_EMIT_LOC_STRINGS = YES;
				SWIFT_UPCOMING_FEATURE_MEMBER_IMPORT_VISIBILITY = YES;
				SWIFT_VERSION = 5.0;
				TARGETED_DEVICE_FAMILY = "1,2";
			};
			name = Debug;
		};
		779AAC363053160B00D39CDB /* Release */ = {
			isa = XCBuildConfiguration;
			buildSettings = {
				ASSETCATALOG_COMPILER_APPICON_NAME = AppIcon;
				ASSETCATALOG_COMPILER_GLOBAL_ACCENT_COLOR_NAME = AccentColor;
				CODE_SIGN_STYLE = Automatic;
				CURRENT_PROJECT_VERSION = 1;
				DEVELOPMENT_TEAM = TNSWYK8BKZ;
				ENABLE_PREVIEWS = YES;
				GENERATE_INFOPLIST_FILE = YES;
				INFOPLIST_FILE = larping/Info.plist;
				INFOPLIST_KEY_CFBundleDisplayName = Larping;
				INFOPLIST_KEY_NSCameraUsageDescription = "Larping uses your camera to add a photo to your activity.";
				INFOPLIST_KEY_NSLocationAlwaysAndWhenInUseUsageDescription = "LarpingRun uses your location to keep tracking distance and route if you switch apps mid-recording.";
				INFOPLIST_KEY_NSLocationWhenInUseUsageDescription = "LarpingRun uses your location to track distance, pace, and route during a recording.";
				INFOPLIST_KEY_NSPhotoLibraryAddUsageDescription = "Larping saves your shared activity image to Photos.";
				INFOPLIST_KEY_UIApplicationSceneManifest_Generation = YES;
				INFOPLIST_KEY_UIApplicationSupportsIndirectInputEvents = YES;
				INFOPLIST_KEY_UILaunchScreen_Generation = YES;
				INFOPLIST_KEY_UISupportedInterfaceOrientations_iPad = "UIInterfaceOrientationPortrait UIInterfaceOrientationPortraitUpsideDown UIInterfaceOrientationLandscapeLeft UIInterfaceOrientationLandscapeRight";
				INFOPLIST_KEY_UISupportedInterfaceOrientations_iPhone = "UIInterfaceOrientationPortrait UIInterfaceOrientationLandscapeLeft UIInterfaceOrientationLandscapeRight";
				LD_RUNPATH_SEARCH_PATHS = (
					"$(inherited)",
					"@executable_path/Frameworks",
				);
				MARKETING_VERSION = 1.0;
				PRODUCT_BUNDLE_IDENTIFIER = rdyy.larping;
				PRODUCT_NAME = "$(TARGET_NAME)";
				STRING_CATALOG_GENERATE_SYMBOLS = YES;
				SWIFT_APPROACHABLE_CONCURRENCY = YES;
				SWIFT_DEFAULT_ACTOR_ISOLATION = MainActor;
				SWIFT_EMIT_LOC_STRINGS = YES;
				SWIFT_UPCOMING_FEATURE_MEMBER_IMPORT_VISIBILITY = YES;
				SWIFT_VERSION = 5.0;
				TARGETED_DEVICE_FAMILY = "1,2";
			};
			name = Release;
		};
		779AAC383053160B00D39CDB /* Debug */ = {
			isa = XCBuildConfiguration;
			buildSettings = {
				BUNDLE_LOADER = "$(TEST_HOST)";
				CODE_SIGN_STYLE = Automatic;
				CURRENT_PROJECT_VERSION = 1;
				DEVELOPMENT_TEAM = TNSWYK8BKZ;
				GENERATE_INFOPLIST_FILE = YES;
				IPHONEOS_DEPLOYMENT_TARGET = 26.5;
				MARKETING_VERSION = 1.0;
				PRODUCT_BUNDLE_IDENTIFIER = rdyy.larpingTests;
				PRODUCT_NAME = "$(TARGET_NAME)";
				STRING_CATALOG_GENERATE_SYMBOLS = NO;
				SWIFT_APPROACHABLE_CONCURRENCY = YES;
				SWIFT_EMIT_LOC_STRINGS = NO;
				SWIFT_UPCOMING_FEATURE_MEMBER_IMPORT_VISIBILITY = YES;
				SWIFT_VERSION = 5.0;
				TARGETED_DEVICE_FAMILY = "1,2";
				TEST_HOST = "$(BUILT_PRODUCTS_DIR)/larping.app/$(BUNDLE_EXECUTABLE_FOLDER_PATH)/larping";
			};
			name = Debug;
		};
		779AAC393053160B00D39CDB /* Release */ = {
			isa = XCBuildConfiguration;
			buildSettings = {
				BUNDLE_LOADER = "$(TEST_HOST)";
				CODE_SIGN_STYLE = Automatic;
				CURRENT_PROJECT_VERSION = 1;
				DEVELOPMENT_TEAM = TNSWYK8BKZ;
				GENERATE_INFOPLIST_FILE = YES;
				IPHONEOS_DEPLOYMENT_TARGET = 26.5;
				MARKETING_VERSION = 1.0;
				PRODUCT_BUNDLE_IDENTIFIER = rdyy.larpingTests;
				PRODUCT_NAME = "$(TARGET_NAME)";
				STRING_CATALOG_GENERATE_SYMBOLS = NO;
				SWIFT_APPROACHABLE_CONCURRENCY = YES;
				SWIFT_EMIT_LOC_STRINGS = NO;
				SWIFT_UPCOMING_FEATURE_MEMBER_IMPORT_VISIBILITY = YES;
				SWIFT_VERSION = 5.0;
				TARGETED_DEVICE_FAMILY = "1,2";
				TEST_HOST = "$(BUILT_PRODUCTS_DIR)/larping.app/$(BUNDLE_EXECUTABLE_FOLDER_PATH)/larping";
			};
			name = Release;
		};
		779AAC3B3053160B00D39CDB /* Debug */ = {
			isa = XCBuildConfiguration;
			buildSettings = {
				CODE_SIGN_STYLE = Automatic;
				CURRENT_PROJECT_VERSION = 1;
				DEVELOPMENT_TEAM = TNSWYK8BKZ;
				GENERATE_INFOPLIST_FILE = YES;
				MARKETING_VERSION = 1.0;
				PRODUCT_BUNDLE_IDENTIFIER = rdyy.larpingUITests;
				PRODUCT_NAME = "$(TARGET_NAME)";
				STRING_CATALOG_GENERATE_SYMBOLS = NO;
				SWIFT_APPROACHABLE_CONCURRENCY = YES;
				SWIFT_EMIT_LOC_STRINGS = NO;
				SWIFT_UPCOMING_FEATURE_MEMBER_IMPORT_VISIBILITY = YES;
				SWIFT_VERSION = 5.0;
				TARGETED_DEVICE_FAMILY = "1,2";
				TEST_TARGET_NAME = larping;
			};
			name = Debug;
		};
		779AAC3C3053160B00D39CDB /* Release */ = {
			isa = XCBuildConfiguration;
			buildSettings = {
				CODE_SIGN_STYLE = Automatic;
				CURRENT_PROJECT_VERSION = 1;
				DEVELOPMENT_TEAM = TNSWYK8BKZ;
				GENERATE_INFOPLIST_FILE = YES;
				MARKETING_VERSION = 1.0;
				PRODUCT_BUNDLE_IDENTIFIER = rdyy.larpingUITests;
				PRODUCT_NAME = "$(TARGET_NAME)";
				STRING_CATALOG_GENERATE_SYMBOLS = NO;
				SWIFT_APPROACHABLE_CONCURRENCY = YES;
				SWIFT_EMIT_LOC_STRINGS = NO;
				SWIFT_UPCOMING_FEATURE_MEMBER_IMPORT_VISIBILITY = YES;
				SWIFT_VERSION = 5.0;
				TARGETED_DEVICE_FAMILY = "1,2";
				TEST_TARGET_NAME = larping;
			};
			name = Release;
		};
/* End XCBuildConfiguration section */

/* Begin XCConfigurationList section */
		779AAC0E3053160A00D39CDB /* Build configuration list for PBXProject "larping" */ = {
			isa = XCConfigurationList;
			buildConfigurations = (
				779AAC323053160B00D39CDB /* Debug */,
				779AAC333053160B00D39CDB /* Release */,
			);
			defaultConfigurationIsVisible = 0;
			defaultConfigurationName = Release;
		};
		779AAC343053160B00D39CDB /* Build configuration list for PBXNativeTarget "larping" */ = {
			isa = XCConfigurationList;
			buildConfigurations = (
				779AAC353053160B00D39CDB /* Debug */,
				779AAC363053160B00D39CDB /* Release */,
			);
			defaultConfigurationIsVisible = 0;
			defaultConfigurationName = Release;
		};
		779AAC373053160B00D39CDB /* Build configuration list for PBXNativeTarget "larpingTests" */ = {
			isa = XCConfigurationList;
			buildConfigurations = (
				779AAC383053160B00D39CDB /* Debug */,
				779AAC393053160B00D39CDB /* Release */,
			);
			defaultConfigurationIsVisible = 0;
			defaultConfigurationName = Release;
		};
		779AAC3A3053160B00D39CDB /* Build configuration list for PBXNativeTarget "larpingUITests" */ = {
			isa = XCConfigurationList;
			buildConfigurations = (
				779AAC3B3053160B00D39CDB /* Debug */,
				779AAC3C3053160B00D39CDB /* Release */,
			);
			defaultConfigurationIsVisible = 0;
			defaultConfigurationName = Release;
		};
/* End XCConfigurationList section */
	};
	rootObject = 779AAC0B3053160A00D39CDB /* Project object */;
}
